
Microsoft Visual Studio Solution File, Format Version 12.00
# Visual Studio Version 17
VisualStudioVersion = 17.3.32804.467
MinimumVisualStudioVersion = 10.0.40219.1
Project("{2150E333-8FDC-42A3-9474-1A3956D46DE8}") = "Solution Items", "Solution Items", "{32F699A5-598C-407F-88DF-51093CE079BB}"
	ProjectSection(SolutionItems) = preProject
		Readme.txt = Readme.txt
	EndProjectSection
EndProject
Project("{9A19103F-16F7-4668-BE54-9A1E7A4F7556}") = "PowerToys.Plugin.IdGen", "PowerToys.Plugin.IdGen\PowerToys.Plugin.IdGen.csproj", "{D90BC833-AA53-43E1-8358-E1B7EA05302F}"
EndProject
Project("{9A19103F-16F7-4668-BE54-9A1E7A4F7556}") = "PowerToys.Plugin.Putty", "PowerToys.Plugin.Putty\PowerToys.Plugin.Putty.csproj", "{6AD34E44-CB66-4244-B1B1-39B5C5B99707}"
EndProject
Global
	GlobalSection(SolutionConfigurationPlatforms) = preSolution
		Debug|Any CPU = Debug|Any CPU
		Release|Any CPU = Release|Any CPU
	EndGlobalSection
	GlobalSection(ProjectConfigurationPlatforms) = postSolution
		{D90BC833-AA53-43E1-8358-E1B7EA05302F}.Debug|Any CPU.ActiveCfg = Debug|Any CPU
		{D90BC833-AA53-43E1-8358-E1B7EA05302F}.Debug|Any CPU.Build.0 = Debug|Any CPU
		{D90BC833-AA53-43E1-8358-E1B7EA05302F}.Release|Any CPU.ActiveCfg = Release|Any CPU
		{D90BC833-AA53-43E1-8358-E1B7EA05302F}.Release|Any CPU.Build.0 = Release|Any CPU
		{6AD34E44-CB66-4244-B1B1-39B5C5B99707}.Debug|Any CPU.ActiveCfg = Debug|Any CPU
		{6AD34E44-CB66-4244-B1B1-39B5C5B99707}.Debug|Any CPU.Build.0 = Debug|Any CPU
		{6AD34E44-CB66-4244-B1B1-39B5C5B99707}.Release|Any CPU.ActiveCfg = Release|Any CPU
		{6AD34E44-CB66-4244-B1B1-39B5C5B99707}.Release|Any CPU.Build.0 = Release|Any CPU
	EndGlobalSection
	GlobalSection(SolutionProperties) = preSolution
		HideSolutionNode = FALSE
	EndGlobalSection
	GlobalSection(ExtensibilityGlobals) = postSolution
		SolutionGuid = {1D557A92-6A53-42A5-B030-A5CBC8DFB08C}
	EndGlobalSection
EndGlobal
