
Microsoft Visual Studio Solution File, Format Version 12.00
# Visual Studio Version 16
VisualStudioVersion = 16.0.31702.278
MinimumVisualStudioVersion = 10.0.40219.1
Project("{9A19103F-16F7-4668-BE54-9A1E7A4F7556}") = "PowerToys.Plugin.Putty", "PowerToys.Plugin.Putty.csproj", "{E59642AA-56CA-48B7-BF26-8319A4F9DF27}"
EndProject
Project("{2150E333-8FDC-42A3-9474-1A3956D46DE8}") = "Solution Items", "Solution Items", "{32F699A5-598C-407F-88DF-51093CE079BB}"
	ProjectSection(SolutionItems) = preProject
		Readme.txt = Readme.txt
	EndProjectSection
EndProject
Global
	GlobalSection(SolutionConfigurationPlatforms) = preSolution
		Debug|Any CPU = Debug|Any CPU
		Release|Any CPU = Release|Any CPU
	EndGlobalSection
	GlobalSection(ProjectConfigurationPlatforms) = postSolution
		{E59642AA-56CA-48B7-BF26-8319A4F9DF27}.Debug|Any CPU.ActiveCfg = Debug|Any CPU
		{E59642AA-56CA-48B7-BF26-8319A4F9DF27}.Debug|Any CPU.Build.0 = Debug|Any CPU
		{E59642AA-56CA-48B7-BF26-8319A4F9DF27}.Release|Any CPU.ActiveCfg = Release|Any CPU
		{E59642AA-56CA-48B7-BF26-8319A4F9DF27}.Release|Any CPU.Build.0 = Release|Any CPU
	EndGlobalSection
	GlobalSection(SolutionProperties) = preSolution
		HideSolutionNode = FALSE
	EndGlobalSection
	GlobalSection(ExtensibilityGlobals) = postSolution
		SolutionGuid = {1D557A92-6A53-42A5-B030-A5CBC8DFB08C}
	EndGlobalSection
EndGlobal
